
Microsoft Visual Studio Solution File, Format Version 12.00
# Visual Studio Version 17
VisualStudioVersion = 17.6.33513.286
MinimumVisualStudioVersion = 10.0.40219.1
Project("{9A19103F-16F7-4668-BE54-9A1E7A4F7556}") = "IconsAndStuff", "IconsAndStuff.csproj", "{4EE9A77B-4785-413E-B623-21BFBB2BE893}"
EndProject
Global
	GlobalSection(SolutionConfigurationPlatforms) = preSolution
		Debug|Any CPU = Debug|Any CPU
		Release|Any CPU = Release|Any CPU
	EndGlobalSection
	GlobalSection(ProjectConfigurationPlatforms) = postSolution
		{4EE9A77B-4785-413E-B623-21BFBB2BE893}.Debug|Any CPU.ActiveCfg = Debug|Any CPU
		{4EE9A77B-4785-413E-B623-21BFBB2BE893}.Debug|Any CPU.Build.0 = Debug|Any CPU
		{4EE9A77B-4785-413E-B623-21BFBB2BE893}.Release|Any CPU.ActiveCfg = Release|Any CPU
		{4EE9A77B-4785-413E-B623-21BFBB2BE893}.Release|Any CPU.Build.0 = Release|Any CPU
	EndGlobalSection
	GlobalSection(SolutionProperties) = preSolution
		HideSolutionNode = FALSE
	EndGlobalSection
	GlobalSection(ExtensibilityGlobals) = postSolution
		SolutionGuid = {2DD726C1-0DBA-44E7-B43D-69970E32A787}
	EndGlobalSection
EndGlobal
